
Microsoft Visual Studio Solution File, Format Version 12.00
# Visual Studio Version 17
VisualStudioVersion = 17.6.33723.286
MinimumVisualStudioVersion = 10.0.40219.1
Project("{FAE04EC0-301F-11D3-BF4B-00C04F79EFBC}") = "inventarioFerreteriaElMartillo", "inventarioFerreteriaElMartillo.csproj", "{5C0E0297-9EC2-4DAC-9A65-9E1D761441E2}"
EndProject
Global
	GlobalSection(SolutionConfigurationPlatforms) = preSolution
		Debug|Any CPU = Debug|Any CPU
		Release|Any CPU = Release|Any CPU
	EndGlobalSection
	GlobalSection(ProjectConfigurationPlatforms) = postSolution
		{5C0E0297-9EC2-4DAC-9A65-9E1D761441E2}.Debug|Any CPU.ActiveCfg = Debug|Any CPU
		{5C0E0297-9EC2-4DAC-9A65-9E1D761441E2}.Debug|Any CPU.Build.0 = Debug|Any CPU
		{5C0E0297-9EC2-4DAC-9A65-9E1D761441E2}.Release|Any CPU.ActiveCfg = Release|Any CPU
		{5C0E0297-9EC2-4DAC-9A65-9E1D761441E2}.Release|Any CPU.Build.0 = Release|Any CPU
	EndGlobalSection
	GlobalSection(SolutionProperties) = preSolution
		HideSolutionNode = FALSE
	EndGlobalSection
	GlobalSection(ExtensibilityGlobals) = postSolution
		SolutionGuid = {C39BAA50-89CE-439A-8F59-1A3ACE66FCBF}
	EndGlobalSection
EndGlobal
